// !$*UTF8*$!
{
	archiveVersion = 1;
	classes = {
	};
	objectVersion = 50;
	objects = {

/* Begin PBXBuildFile section */
		6031E59625F7473D002C88CE /* AddCountryView.swift in Sources */ = {isa = PBXBuildFile; fileRef = 6031E59525F7473D002C88CE /* AddCountryView.swift */; };
		6031E5D825F77557002C88CE /* CountryListView.swift in Sources */ = {isa = PBXBuildFile; fileRef = 6031E5D725F77556002C88CE /* CountryListView.swift */; };
		6031E5E025F775CF002C88CE /* CountryViewModel.swift in Sources */ = {isa = PBXBuildFile; fileRef = 6031E5DF25F775CF002C88CE /* CountryViewModel.swift */; };
		60E26D0D25F6429700AB820B /* WeatherSearchApp.swift in Sources */ = {isa = PBXBuildFile; fileRef = 60E26D0C25F6429700AB820B /* WeatherSearchApp.swift */; };
		60E26D0F25F6429700AB820B /* WeatherView.swift in Sources */ = {isa = PBXBuildFile; fileRef = 60E26D0E25F6429700AB820B /* WeatherView.swift */; };
		60E26D1125F6429900AB820B /* Assets.xcassets in Resources */ = {isa = PBXBuildFile; fileRef = 60E26D1025F6429900AB820B /* Assets.xcassets */; };
		60E26D1425F6429900AB820B /* Preview Assets.xcassets in Resources */ = {isa = PBXBuildFile; fileRef = 60E26D1325F6429900AB820B /* Preview Assets.xcassets */; };
		60E26D1E25F6430B00AB820B /* Weather.swift in Sources */ = {isa = PBXBuildFile; fileRef = 60E26D1D25F6430B00AB820B /* Weather.swift */; };
		60E26D2125F6472400AB820B /* ViewModel.swift in Sources */ = {isa = PBXBuildFile; fileRef = 60E26D2025F6472400AB820B /* ViewModel.swift */; };
		60E26D2525F73EAC00AB820B /* JSONParseManager.swift in Sources */ = {isa = PBXBuildFile; fileRef = 60E26D2425F73EAC00AB820B /* JSONParseManager.swift */; };
		60F19D6E25F8D724000A4340 /* UIModifier.swift in Sources */ = {isa = PBXBuildFile; fileRef = 60F19D6D25F8D724000A4340 /* UIModifier.swift */; };
/* End PBXBuildFile section */

/* Begin PBXFileReference section */
		6031E59525F7473D002C88CE /* AddCountryView.swift */ = {isa = PBXFileReference; lastKnownFileType = sourcecode.swift; path = AddCountryView.swift; sourceTree = "<group>"; };
		6031E5D725F77556002C88CE /* CountryListView.swift */ = {isa = PBXFileReference; lastKnownFileType = sourcecode.swift; path = CountryListView.swift; sourceTree = "<group>"; };
		6031E5DF25F775CF002C88CE /* CountryViewModel.swift */ = {isa = PBXFileReference; lastKnownFileType = sourcecode.swift; path = CountryViewModel.swift; sourceTree = "<group>"; };
		60E26D0925F6429700AB820B /* WeatherSearch.app */ = {isa = PBXFileReference; explicitFileType = wrapper.application; includeInIndex = 0; path = WeatherSearch.app; sourceTree = BUILT_PRODUCTS_DIR; };
		60E26D0C25F6429700AB820B /* WeatherSearchApp.swift */ = {isa = PBXFileReference; lastKnownFileType = sourcecode.swift; path = WeatherSearchApp.swift; sourceTree = "<group>"; };
		60E26D0E25F6429700AB820B /* WeatherView.swift */ = {isa = PBXFileReference; lastKnownFileType = sourcecode.swift; path = WeatherView.swift; sourceTree = "<group>"; };
		60E26D1025F6429900AB820B /* Assets.xcassets */ = {isa = PBXFileReference; lastKnownFileType = folder.assetcatalog; path = Assets.xcassets; sourceTree = "<group>"; };
		60E26D1325F6429900AB820B /* Preview Assets.xcassets */ = {isa = PBXFileReference; lastKnownFileType = folder.assetcatalog; path = "Preview Assets.xcassets"; sourceTree = "<group>"; };
		60E26D1525F6429900AB820B /* Info.plist */ = {isa = PBXFileReference; lastKnownFileType = text.plist.xml; path = Info.plist; sourceTree = "<group>"; };
		60E26D1D25F6430B00AB820B /* Weather.swift */ = {isa = PBXFileReference; lastKnownFileType = sourcecode.swift; path = Weather.swift; sourceTree = "<group>"; };
		60E26D2025F6472400AB820B /* ViewModel.swift */ = {isa = PBXFileReference; lastKnownFileType = sourcecode.swift; path = ViewModel.swift; sourceTree = "<group>"; };
		60E26D2425F73EAC00AB820B /* JSONParseManager.swift */ = {isa = PBXFileReference; lastKnownFileType = sourcecode.swift; path = JSONParseManager.swift; sourceTree = "<group>"; };
		60F19D6D25F8D724000A4340 /* UIModifier.swift */ = {isa = PBXFileReference; lastKnownFileType = sourcecode.swift; path = UIModifier.swift; sourceTree = "<group>"; };
/* End PBXFileReference section */

/* Begin PBXFrameworksBuildPhase section */
		60E26D0625F6429700AB820B /* Frameworks */ = {
			isa = PBXFrameworksBuildPhase;
			buildActionMask = 2147483647;
			files = (
			);
			runOnlyForDeploymentPostprocessing = 0;
		};
/* End PBXFrameworksBuildPhase section */

/* Begin PBXGroup section */
		60D85CBA25FAFB0500E1F46C /* WeatherView */ = {
			isa = PBXGroup;
			children = (
				60E26D1D25F6430B00AB820B /* Weather.swift */,
				60E26D2025F6472400AB820B /* ViewModel.swift */,
				60E26D0E25F6429700AB820B /* WeatherView.swift */,
			);
			path = WeatherView;
			sourceTree = "<group>";
		};
		60D85CBC25FAFB3000E1F46C /* CountryView */ = {
			isa = PBXGroup;
			children = (
				6031E5DF25F775CF002C88CE /* CountryViewModel.swift */,
				6031E5D725F77556002C88CE /* CountryListView.swift */,
			);
			path = CountryView;
			sourceTree = "<group>";
		};
		60E26D0025F6429700AB820B = {
			isa = PBXGroup;
			children = (
				60E26D0B25F6429700AB820B /* WeatherSearch */,
				60E26D0A25F6429700AB820B /* Products */,
			);
			sourceTree = "<group>";
		};
		60E26D0A25F6429700AB820B /* Products */ = {
			isa = PBXGroup;
			children = (
				60E26D0925F6429700AB820B /* WeatherSearch.app */,
			);
			name = Products;
			sourceTree = "<group>";
		};
		60E26D0B25F6429700AB820B /* WeatherSearch */ = {
			isa = PBXGroup;
			children = (
				60E26D2425F73EAC00AB820B /* JSONParseManager.swift */,
				60E26D0C25F6429700AB820B /* WeatherSearchApp.swift */,
				60D85CBA25FAFB0500E1F46C /* WeatherView */,
				60D85CBC25FAFB3000E1F46C /* CountryView */,
				6031E59525F7473D002C88CE /* AddCountryView.swift */,
				60F19D6D25F8D724000A4340 /* UIModifier.swift */,
				60E26D1025F6429900AB820B /* Assets.xcassets */,
				60E26D1525F6429900AB820B /* Info.plist */,
				60E26D1225F6429900AB820B /* Preview Content */,
			);
			path = WeatherSearch;
			sourceTree = "<group>";
		};
		60E26D1225F6429900AB820B /* Preview Content */ = {
			isa = PBXGroup;
			children = (
				60E26D1325F6429900AB820B /* Preview Assets.xcassets */,
			);
			path = "Preview Content";
			sourceTree = "<group>";
		};
/* End PBXGroup section */

/* Begin PBXNativeTarget section */
		60E26D0825F6429700AB820B /* WeatherSearch */ = {
			isa = PBXNativeTarget;
			buildConfigurationList = 60E26D1825F6429900AB820B /* Build configuration list for PBXNativeTarget "WeatherSearch" */;
			buildPhases = (
				60E26D0525F6429700AB820B /* Sources */,
				60E26D0625F6429700AB820B /* Frameworks */,
				60E26D0725F6429700AB820B /* Resources */,
			);
			buildRules = (
			);
			dependencies = (
			);
			name = WeatherSearch;
			productName = WeatherSearch;
			productReference = 60E26D0925F6429700AB820B /* WeatherSearch.app */;
			productType = "com.apple.product-type.application";
		};
/* End PBXNativeTarget section */

/* Begin PBXProject section */
		60E26D0125F6429700AB820B /* Project object */ = {
			isa = PBXProject;
			attributes = {
				LastSwiftUpdateCheck = 1240;
				LastUpgradeCheck = 1240;
				TargetAttributes = {
					60E26D0825F6429700AB820B = {
						CreatedOnToolsVersion = 12.4;
					};
				};
			};
			buildConfigurationList = 60E26D0425F6429700AB820B /* Build configuration list for PBXProject "WeatherSearch" */;
			compatibilityVersion = "Xcode 9.3";
			developmentRegion = en;
			hasScannedForEncodings = 0;
			knownRegions = (
				en,
				Base,
			);
			mainGroup = 60E26D0025F6429700AB820B;
			productRefGroup = 60E26D0A25F6429700AB820B /* Products */;
			projectDirPath = "";
			projectRoot = "";
			targets = (
				60E26D0825F6429700AB820B /* WeatherSearch */,
			);
		};
/* End PBXProject section */

/* Begin PBXResourcesBuildPhase section */
		60E26D0725F6429700AB820B /* Resources */ = {
			isa = PBXResourcesBuildPhase;
			buildActionMask = 2147483647;
			files = (
				60E26D1425F6429900AB820B /* Preview Assets.xcassets in Resources */,
				60E26D1125F6429900AB820B /* Assets.xcassets in Resources */,
			);
			runOnlyForDeploymentPostprocessing = 0;
		};
/* End PBXResourcesBuildPhase section */

/* Begin PBXSourcesBuildPhase section */
		60E26D0525F6429700AB820B /* Sources */ = {
			isa = PBXSourcesBuildPhase;
			buildActionMask = 2147483647;
			files = (
				6031E59625F7473D002C88CE /* AddCountryView.swift in Sources */,
				6031E5E025F775CF002C88CE /* CountryViewModel.swift in Sources */,
				60F19D6E25F8D724000A4340 /* UIModifier.swift in Sources */,
				60E26D2525F73EAC00AB820B /* JSONParseManager.swift in Sources */,
				6031E5D825F77557002C88CE /* CountryListView.swift in Sources */,
				60E26D0F25F6429700AB820B /* WeatherView.swift in Sources */,
				60E26D1E25F6430B00AB820B /* Weather.swift in Sources */,
				60E26D2125F6472400AB820B /* ViewModel.swift in Sources */,
				60E26D0D25F6429700AB820B /* WeatherSearchApp.swift in Sources */,
			);
			runOnlyForDeploymentPostprocessing = 0;
		};
/* End PBXSourcesBuildPhase section */

/* Begin XCBuildConfiguration section */
		60E26D1625F6429900AB820B /* Debug */ = {
			isa = XCBuildConfiguration;
			buildSettings = {
				ALWAYS_SEARCH_USER_PATHS = NO;
				CLANG_ANALYZER_NONNULL = YES;
				CLANG_ANALYZER_NUMBER_OBJECT_CONVERSION = YES_AGGRESSIVE;
				CLANG_CXX_LANGUAGE_STANDARD = "gnu++14";
				CLANG_CXX_LIBRARY = "libc++";
				CLANG_ENABLE_MODULES = YES;
				CLANG_ENABLE_OBJC_ARC = YES;
				CLANG_ENABLE_OBJC_WEAK = YES;
				CLANG_WARN_BLOCK_CAPTURE_AUTORELEASING = YES;
				CLANG_WARN_BOOL_CONVERSION = YES;
				CLANG_WARN_COMMA = YES;
				CLANG_WARN_CONSTANT_CONVERSION = YES;
				CLANG_WARN_DEPRECATED_OBJC_IMPLEMENTATIONS = YES;
				CLANG_WARN_DIRECT_OBJC_ISA_USAGE = YES_ERROR;
				CLANG_WARN_DOCUMENTATION_COMMENTS = YES;
				CLANG_WARN_EMPTY_BODY = YES;
				CLANG_WARN_ENUM_CONVERSION = YES;
				CLANG_WARN_INFINITE_RECURSION = YES;
				CLANG_WARN_INT_CONVERSION = YES;
				CLANG_WARN_NON_LITERAL_NULL_CONVERSION = YES;
				CLANG_WARN_OBJC_IMPLICIT_RETAIN_SELF = YES;
				CLANG_WARN_OBJC_LITERAL_CONVERSION = YES;
				CLANG_WARN_OBJC_ROOT_CLASS = YES_ERROR;
				CLANG_WARN_QUOTED_INCLUDE_IN_FRAMEWORK_HEADER = YES;
				CLANG_WARN_RANGE_LOOP_ANALYSIS = YES;
				CLANG_WARN_STRICT_PROTOTYPES = YES;
				CLANG_WARN_SUSPICIOUS_MOVE = YES;
				CLANG_WARN_UNGUARDED_AVAILABILITY = YES_AGGRESSIVE;
				CLANG_WARN_UNREACHABLE_CODE = YES;
				CLANG_WARN__DUPLICATE_METHOD_MATCH = YES;
				COPY_PHASE_STRIP = NO;
				DEBUG_INFORMATION_FORMAT = dwarf;
				ENABLE_STRICT_OBJC_MSGSEND = YES;
				ENABLE_TESTABILITY = YES;
				GCC_C_LANGUAGE_STANDARD = gnu11;
				GCC_DYNAMIC_NO_PIC = NO;
				GCC_NO_COMMON_BLOCKS = YES;
				GCC_OPTIMIZATION_LEVEL = 0;
				GCC_PREPROCESSOR_DEFINITIONS = (
					"DEBUG=1",
					"$(inherited)",
				);
				GCC_WARN_64_TO_32_BIT_CONVERSION = YES;
				GCC_WARN_ABOUT_RETURN_TYPE = YES_ERROR;
				GCC_WARN_UNDECLARED_SELECTOR = YES;
				GCC_WARN_UNINITIALIZED_AUTOS = YES_AGGRESSIVE;
				GCC_WARN_UNUSED_FUNCTION = YES;
				GCC_WARN_UNUSED_VARIABLE = YES;
				IPHONEOS_DEPLOYMENT_TARGET = 14.4;
				MTL_ENABLE_DEBUG_INFO = INCLUDE_SOURCE;
				MTL_FAST_MATH = YES;
				ONLY_ACTIVE_ARCH = YES;
				SDKROOT = iphoneos;
				SWIFT_ACTIVE_COMPILATION_CONDITIONS = DEBUG;
				SWIFT_OPTIMIZATION_LEVEL = "-Onone";
			};
			name = Debug;
		};
		60E26D1725F6429900AB820B /* Release */ = {
			isa = XCBuildConfiguration;
			buildSettings = {
				ALWAYS_SEARCH_USER_PATHS = NO;
				CLANG_ANALYZER_NONNULL = YES;
				CLANG_ANALYZER_NUMBER_OBJECT_CONVERSION = YES_AGGRESSIVE;
				CLANG_CXX_LANGUAGE_STANDARD = "gnu++14";
				CLANG_CXX_LIBRARY = "libc++";
				CLANG_ENABLE_MODULES = YES;
				CLANG_ENABLE_OBJC_ARC = YES;
				CLANG_ENABLE_OBJC_WEAK = YES;
				CLANG_WARN_BLOCK_CAPTURE_AUTORELEASING = YES;
				CLANG_WARN_BOOL_CONVERSION = YES;
				CLANG_WARN_COMMA = YES;
				CLANG_WARN_CONSTANT_CONVERSION = YES;
				CLANG_WARN_DEPRECATED_OBJC_IMPLEMENTATIONS = YES;
				CLANG_WARN_DIRECT_OBJC_ISA_USAGE = YES_ERROR;
				CLANG_WARN_DOCUMENTATION_COMMENTS = YES;
				CLANG_WARN_EMPTY_BODY = YES;
				CLANG_WARN_ENUM_CONVERSION = YES;
				CLANG_WARN_INFINITE_RECURSION = YES;
				CLANG_WARN_INT_CONVERSION = YES;
				CLANG_WARN_NON_LITERAL_NULL_CONVERSION = YES;
				CLANG_WARN_OBJC_IMPLICIT_RETAIN_SELF = YES;
				CLANG_WARN_OBJC_LITERAL_CONVERSION = YES;
				CLANG_WARN_OBJC_ROOT_CLASS = YES_ERROR;
				CLANG_WARN_QUOTED_INCLUDE_IN_FRAMEWORK_HEADER = YES;
				CLANG_WARN_RANGE_LOOP_ANALYSIS = YES;
				CLANG_WARN_STRICT_PROTOTYPES = YES;
				CLANG_WARN_SUSPICIOUS_MOVE = YES;
				CLANG_WARN_UNGUARDED_AVAILABILITY = YES_AGGRESSIVE;
				CLANG_WARN_UNREACHABLE_CODE = YES;
				CLANG_WARN__DUPLICATE_METHOD_MATCH = YES;
				COPY_PHASE_STRIP = NO;
				DEBUG_INFORMATION_FORMAT = "dwarf-with-dsym";
				ENABLE_NS_ASSERTIONS = NO;
				ENABLE_STRICT_OBJC_MSGSEND = YES;
				GCC_C_LANGUAGE_STANDARD = gnu11;
				GCC_NO_COMMON_BLOCKS = YES;
				GCC_WARN_64_TO_32_BIT_CONVERSION = YES;
				GCC_WARN_ABOUT_RETURN_TYPE = YES_ERROR;
				GCC_WARN_UNDECLARED_SELECTOR = YES;
				GCC_WARN_UNINITIALIZED_AUTOS = YES_AGGRESSIVE;
				GCC_WARN_UNUSED_FUNCTION = YES;
				GCC_WARN_UNUSED_VARIABLE = YES;
				IPHONEOS_DEPLOYMENT_TARGET = 14.4;
				MTL_ENABLE_DEBUG_INFO = NO;
				MTL_FAST_MATH = YES;
				SDKROOT = iphoneos;
				SWIFT_COMPILATION_MODE = wholemodule;
				SWIFT_OPTIMIZATION_LEVEL = "-O";
				VALIDATE_PRODUCT = YES;
			};
			name = Release;
		};
		60E26D1925F6429900AB820B /* Debug */ = {
			isa = XCBuildConfiguration;
			buildSettings = {
				ASSETCATALOG_COMPILER_APPICON_NAME = AppIcon;
				ASSETCATALOG_COMPILER_GLOBAL_ACCENT_COLOR_NAME = AccentColor;
				CODE_SIGN_STYLE = Automatic;
				DEVELOPMENT_ASSET_PATHS = "\"WeatherSearch/Preview Content\"";
				DEVELOPMENT_TEAM = 65972SHM9W;
				ENABLE_PREVIEWS = YES;
				INFOPLIST_FILE = WeatherSearch/Info.plist;
				IPHONEOS_DEPLOYMENT_TARGET = 14.0;
				LD_RUNPATH_SEARCH_PATHS = (
					"$(inherited)",
					"@executable_path/Frameworks",
				);
				PRODUCT_BUNDLE_IDENTIFIER = SwiftUI.WeatherSearch;
				PRODUCT_NAME = "$(TARGET_NAME)";
				SWIFT_VERSION = 5.0;
				TARGETED_DEVICE_FAMILY = "1,2";
			};
			name = Debug;
		};
		60E26D1A25F6429900AB820B /* Release */ = {
			isa = XCBuildConfiguration;
			buildSettings = {
				ASSETCATALOG_COMPILER_APPICON_NAME = AppIcon;
				ASSETCATALOG_COMPILER_GLOBAL_ACCENT_COLOR_NAME = AccentColor;
				CODE_SIGN_STYLE = Automatic;
				DEVELOPMENT_ASSET_PATHS = "\"WeatherSearch/Preview Content\"";
				DEVELOPMENT_TEAM = 65972SHM9W;
				ENABLE_PREVIEWS = YES;
				INFOPLIST_FILE = WeatherSearch/Info.plist;
				IPHONEOS_DEPLOYMENT_TARGET = 14.0;
				LD_RUNPATH_SEARCH_PATHS = (
					"$(inherited)",
					"@executable_path/Frameworks",
				);
				PRODUCT_BUNDLE_IDENTIFIER = SwiftUI.WeatherSearch;
				PRODUCT_NAME = "$(TARGET_NAME)";
				SWIFT_VERSION = 5.0;
				TARGETED_DEVICE_FAMILY = "1,2";
			};
			name = Release;
		};
/* End XCBuildConfiguration section */

/* Begin XCConfigurationList section */
		60E26D0425F6429700AB820B /* Build configuration list for PBXProject "WeatherSearch" */ = {
			isa = XCConfigurationList;
			buildConfigurations = (
				60E26D1625F6429900AB820B /* Debug */,
				60E26D1725F6429900AB820B /* Release */,
			);
			defaultConfigurationIsVisible = 0;
			defaultConfigurationName = Release;
		};
		60E26D1825F6429900AB820B /* Build configuration list for PBXNativeTarget "WeatherSearch" */ = {
			isa = XCConfigurationList;
			buildConfigurations = (
				60E26D1925F6429900AB820B /* Debug */,
				60E26D1A25F6429900AB820B /* Release */,
			);
			defaultConfigurationIsVisible = 0;
			defaultConfigurationName = Release;
		};
/* End XCConfigurationList section */
	};
	rootObject = 60E26D0125F6429700AB820B /* Project object */;
}
